
Microsoft Visual Studio Solution File, Format Version 12.00
# Visual Studio Version 17
VisualStudioVersion = 17.0.31919.166
MinimumVisualStudioVersion = 10.0.40219.1
Project("{FAE04EC0-301F-11D3-BF4B-00C04F79EFBC}") = "Lab2.1", "Lab2.1\Lab2.1.csproj", "{3523D0BE-C617-42D9-A2C0-7D8465C0A15A}"
EndProject
Global
	GlobalSection(SolutionConfigurationPlatforms) = preSolution
		Debug|Any CPU = Debug|Any CPU
		Release|Any CPU = Release|Any CPU
	EndGlobalSection
	GlobalSection(ProjectConfigurationPlatforms) = postSolution
		{3523D0BE-C617-42D9-A2C0-7D8465C0A15A}.Debug|Any CPU.ActiveCfg = Debug|Any CPU
		{3523D0BE-C617-42D9-A2C0-7D8465C0A15A}.Debug|Any CPU.Build.0 = Debug|Any CPU
		{3523D0BE-C617-42D9-A2C0-7D8465C0A15A}.Release|Any CPU.ActiveCfg = Release|Any CPU
		{3523D0BE-C617-42D9-A2C0-7D8465C0A15A}.Release|Any CPU.Build.0 = Release|Any CPU
	EndGlobalSection
	GlobalSection(SolutionProperties) = preSolution
		HideSolutionNode = FALSE
	EndGlobalSection
	GlobalSection(ExtensibilityGlobals) = postSolution
		SolutionGuid = {0CC9212F-1A7B-4A46-9765-3AA8DD525AA1}
	EndGlobalSection
EndGlobal
